{
  "name": "chili",
  "version": "1.0.0",
  "lockfileVersion": 1,
  "requires": true,
  "dependencies": {
    "asap": {
      "version": "2.0.6",
      "resolved": "https://registry.npmjs.org/asap/-/asap-2.0.6.tgz",
      "integrity": "sha1-5QNHYR1+aQlDIIu9r+vLwvuGbUY="
    },
    "moment": {
      "version": "2.19.4",
      "resolved": "https://registry.npmjs.org/moment/-/moment-2.19.4.tgz",
      "integrity": "sha512-1xFTAknSLfc47DIxHDUbnJWC+UwgWxATmymaxIPQpmMh7LBm7ZbwVEsuushqwL2GYZU0jie4xO+TK44hJPjNSQ=="
    },
    "node-lightify": {
      "version": "2.1.10",
      "resolved": "https://registry.npmjs.org/node-lightify/-/node-lightify-2.1.10.tgz",
      "integrity": "sha1-kBVHt1n7zouttkKfXd6b5XBQ2dU=",
      "requires": {
        "moment": "2.19.4",
        "promise": "8.0.1"
      }
    },
    "promise": {
      "version": "8.0.1",
      "resolved": "https://registry.npmjs.org/promise/-/promise-8.0.1.tgz",
      "integrity": "sha1-5F1osAoXZHttpxG/he1u1HII9FA=",
      "requires": {
        "asap": "2.0.6"
      }
    }
  }
}
